
Microsoft Visual Studio Solution File, Format Version 12.00
# Visual Studio 14
VisualStudioVersion = 14.0.23107.0
MinimumVisualStudioVersion = 10.0.40219.1
Project("{FAE04EC0-301F-11D3-BF4B-00C04F79EFBC}") = "Web_INTERTEL", "Web_INTERTEL\Web_INTERTEL.csproj", "{AF35B1D2-60B8-419E-9066-8D8CD530573A}"
EndProject
Global
	GlobalSection(SolutionConfigurationPlatforms) = preSolution
		Debug|Any CPU = Debug|Any CPU
		Release|Any CPU = Release|Any CPU
	EndGlobalSection
	GlobalSection(ProjectConfigurationPlatforms) = postSolution
		{AF35B1D2-60B8-419E-9066-8D8CD530573A}.Debug|Any CPU.ActiveCfg = Debug|Any CPU
		{AF35B1D2-60B8-419E-9066-8D8CD530573A}.Debug|Any CPU.Build.0 = Debug|Any CPU
		{AF35B1D2-60B8-419E-9066-8D8CD530573A}.Release|Any CPU.ActiveCfg = Release|Any CPU
		{AF35B1D2-60B8-419E-9066-8D8CD530573A}.Release|Any CPU.Build.0 = Release|Any CPU
	EndGlobalSection
	GlobalSection(SolutionProperties) = preSolution
		HideSolutionNode = FALSE
	EndGlobalSection
EndGlobal
